
Microsoft Visual Studio Solution File, Format Version 12.00
# Visual Studio Version 17
VisualStudioVersion = 17.4.33213.308
MinimumVisualStudioVersion = 10.0.40219.1
Project("{FAE04EC0-301F-11D3-BF4B-00C04F79EFBC}") = "Tarea1 programacion 3", "Tarea1 programacion 3.csproj", "{7C631D6F-7B84-424D-AAC8-12576EE38F63}"
EndProject
Global
	GlobalSection(SolutionConfigurationPlatforms) = preSolution
		Debug|Any CPU = Debug|Any CPU
		Release|Any CPU = Release|Any CPU
	EndGlobalSection
	GlobalSection(ProjectConfigurationPlatforms) = postSolution
		{7C631D6F-7B84-424D-AAC8-12576EE38F63}.Debug|Any CPU.ActiveCfg = Debug|Any CPU
		{7C631D6F-7B84-424D-AAC8-12576EE38F63}.Debug|Any CPU.Build.0 = Debug|Any CPU
		{7C631D6F-7B84-424D-AAC8-12576EE38F63}.Release|Any CPU.ActiveCfg = Release|Any CPU
		{7C631D6F-7B84-424D-AAC8-12576EE38F63}.Release|Any CPU.Build.0 = Release|Any CPU
	EndGlobalSection
	GlobalSection(SolutionProperties) = preSolution
		HideSolutionNode = FALSE
	EndGlobalSection
	GlobalSection(ExtensibilityGlobals) = postSolution
		SolutionGuid = {AD2C113D-5DB2-42FF-A81B-EBE59BC510B7}
	EndGlobalSection
EndGlobal
